// !$*UTF8*$!
{
	archiveVersion = 1;
	classes = {
	};
	objectVersion = 46;
	objects = {

/* Begin PBXBuildFile section */
		850EC57A156A544B003DEB32 /* Lesson_10.txt in Resources */ = {isa = PBXBuildFile; fileRef = 850EC54A156A544B003DEB32 /* Lesson_10.txt */; };
		850EC57B156A544B003DEB32 /* Lesson_11.txt in Resources */ = {isa = PBXBuildFile; fileRef = 850EC54B156A544B003DEB32 /* Lesson_11.txt */; };
		850EC57C156A544B003DEB32 /* Lesson_12.txt in Resources */ = {isa = PBXBuildFile; fileRef = 850EC54C156A544B003DEB32 /* Lesson_12.txt */; };
		850EC57D156A544B003DEB32 /* Lesson_13.txt in Resources */ = {isa = PBXBuildFile; fileRef = 850EC54D156A544B003DEB32 /* Lesson_13.txt */; };
		850EC57E156A544B003DEB32 /* Lesson_14.txt in Resources */ = {isa = PBXBuildFile; fileRef = 850EC54E156A544B003DEB32 /* Lesson_14.txt */; };
		850EC57F156A544B003DEB32 /* Lesson_15.txt in Resources */ = {isa = PBXBuildFile; fileRef = 850EC54F156A544B003DEB32 /* Lesson_15.txt */; };
		850EC580156A544B003DEB32 /* Lesson_16.txt in Resources */ = {isa = PBXBuildFile; fileRef = 850EC550156A544B003DEB32 /* Lesson_16.txt */; };
		850EC581156A544B003DEB32 /* Lesson_17.txt in Resources */ = {isa = PBXBuildFile; fileRef = 850EC551156A544B003DEB32 /* Lesson_17.txt */; };
		850EC582156A544B003DEB32 /* Lesson_18.txt in Resources */ = {isa = PBXBuildFile; fileRef = 850EC552156A544B003DEB32 /* Lesson_18.txt */; };
		850EC583156A544B003DEB32 /* Lesson_19.txt in Resources */ = {isa = PBXBuildFile; fileRef = 850EC553156A544B003DEB32 /* Lesson_19.txt */; };
		850EC584156A544B003DEB32 /* Lesson_20.txt in Resources */ = {isa = PBXBuildFile; fileRef = 850EC554156A544B003DEB32 /* Lesson_20.txt */; };
		850EC585156A544B003DEB32 /* Lesson_21.txt in Resources */ = {isa = PBXBuildFile; fileRef = 850EC555156A544B003DEB32 /* Lesson_21.txt */; };
		850EC586156A544B003DEB32 /* Lesson_22.txt in Resources */ = {isa = PBXBuildFile; fileRef = 850EC556156A544B003DEB32 /* Lesson_22.txt */; };
		850EC587156A544B003DEB32 /* Lesson_23.txt in Resources */ = {isa = PBXBuildFile; fileRef = 850EC557156A544B003DEB32 /* Lesson_23.txt */; };
		850EC588156A544B003DEB32 /* Lesson_24.txt in Resources */ = {isa = PBXBuildFile; fileRef = 850EC558156A544B003DEB32 /* Lesson_24.txt */; };
		850EC589156A544B003DEB32 /* Lesson_25.txt in Resources */ = {isa = PBXBuildFile; fileRef = 850EC559156A544B003DEB32 /* Lesson_25.txt */; };
		850EC58A156A544B003DEB32 /* Lesson_26.txt in Resources */ = {isa = PBXBuildFile; fileRef = 850EC55A156A544B003DEB32 /* Lesson_26.txt */; };
		850EC58B156A544B003DEB32 /* Lesson_27.txt in Resources */ = {isa = PBXBuildFile; fileRef = 850EC55B156A544B003DEB32 /* Lesson_27.txt */; };
		850EC58C156A544B003DEB32 /* Lesson_28.txt in Resources */ = {isa = PBXBuildFile; fileRef = 850EC55C156A544B003DEB32 /* Lesson_28.txt */; };
		850EC58D156A544B003DEB32 /* Lesson_29.txt in Resources */ = {isa = PBXBuildFile; fileRef = 850EC55D156A544B003DEB32 /* Lesson_29.txt */; };
		850EC58E156A544B003DEB32 /* Lesson_30.txt in Resources */ = {isa = PBXBuildFile; fileRef = 850EC55E156A544B003DEB32 /* Lesson_30.txt */; };
		850EC58F156A544B003DEB32 /* Lesson_31.txt in Resources */ = {isa = PBXBuildFile; fileRef = 850EC55F156A544B003DEB32 /* Lesson_31.txt */; };
		850EC590156A544B003DEB32 /* Lesson_32.txt in Resources */ = {isa = PBXBuildFile; fileRef = 850EC560156A544B003DEB32 /* Lesson_32.txt */; };
		850EC591156A544B003DEB32 /* Lesson_33.txt in Resources */ = {isa = PBXBuildFile; fileRef = 850EC561156A544B003DEB32 /* Lesson_33.txt */; };
		850EC592156A544B003DEB32 /* Lesson_34.txt in Resources */ = {isa = PBXBuildFile; fileRef = 850EC562156A544B003DEB32 /* Lesson_34.txt */; };
		850EC593156A544B003DEB32 /* Lesson_35.txt in Resources */ = {isa = PBXBuildFile; fileRef = 850EC563156A544B003DEB32 /* Lesson_35.txt */; };
		850EC594156A544B003DEB32 /* Lesson_36.txt in Resources */ = {isa = PBXBuildFile; fileRef = 850EC564156A544B003DEB32 /* Lesson_36.txt */; };
		850EC595156A544B003DEB32 /* Lesson_37.txt in Resources */ = {isa = PBXBuildFile; fileRef = 850EC565156A544B003DEB32 /* Lesson_37.txt */; };
		850EC596156A544B003DEB32 /* Lesson_38.txt in Resources */ = {isa = PBXBuildFile; fileRef = 850EC566156A544B003DEB32 /* Lesson_38.txt */; };
		850EC597156A544B003DEB32 /* Lesson_39.txt in Resources */ = {isa = PBXBuildFile; fileRef = 850EC567156A544B003DEB32 /* Lesson_39.txt */; };
		850EC598156A544B003DEB32 /* Lesson_41.txt in Resources */ = {isa = PBXBuildFile; fileRef = 850EC568156A544B003DEB32 /* Lesson_41.txt */; };
		850EC599156A544B003DEB32 /* Lesson_42.txt in Resources */ = {isa = PBXBuildFile; fileRef = 850EC569156A544B003DEB32 /* Lesson_42.txt */; };
		850EC59A156A544B003DEB32 /* Lesson_43.txt in Resources */ = {isa = PBXBuildFile; fileRef = 850EC56A156A544B003DEB32 /* Lesson_43.txt */; };
		850EC59B156A544B003DEB32 /* Lesson_44.txt in Resources */ = {isa = PBXBuildFile; fileRef = 850EC56B156A544B003DEB32 /* Lesson_44.txt */; };
		850EC59C156A544B003DEB32 /* Lesson_45.txt in Resources */ = {isa = PBXBuildFile; fileRef = 850EC56C156A544B003DEB32 /* Lesson_45.txt */; };
		850EC59D156A544B003DEB32 /* Lesson_46.txt in Resources */ = {isa = PBXBuildFile; fileRef = 850EC56D156A544B003DEB32 /* Lesson_46.txt */; };
		850EC59E156A544B003DEB32 /* Lesson_47.txt in Resources */ = {isa = PBXBuildFile; fileRef = 850EC56E156A544B003DEB32 /* Lesson_47.txt */; };
		850EC59F156A544B003DEB32 /* Lesson_48.txt in Resources */ = {isa = PBXBuildFile; fileRef = 850EC56F156A544B003DEB32 /* Lesson_48.txt */; };
		850EC61F156A6698003DEB32 /* Lesson_01.txt in Resources */ = {isa = PBXBuildFile; fileRef = 850EC616156A6698003DEB32 /* Lesson_01.txt */; };
		850EC620156A6698003DEB32 /* Lesson_02.txt in Resources */ = {isa = PBXBuildFile; fileRef = 850EC617156A6698003DEB32 /* Lesson_02.txt */; };
		850EC621156A6698003DEB32 /* Lesson_03.txt in Resources */ = {isa = PBXBuildFile; fileRef = 850EC618156A6698003DEB32 /* Lesson_03.txt */; };
		850EC622156A6698003DEB32 /* Lesson_04.txt in Resources */ = {isa = PBXBuildFile; fileRef = 850EC619156A6698003DEB32 /* Lesson_04.txt */; };
		850EC623156A6698003DEB32 /* Lesson_05.txt in Resources */ = {isa = PBXBuildFile; fileRef = 850EC61A156A6698003DEB32 /* Lesson_05.txt */; };
		850EC624156A6698003DEB32 /* Lesson_06.txt in Resources */ = {isa = PBXBuildFile; fileRef = 850EC61B156A6698003DEB32 /* Lesson_06.txt */; };
		850EC625156A6698003DEB32 /* Lesson_07.txt in Resources */ = {isa = PBXBuildFile; fileRef = 850EC61C156A6698003DEB32 /* Lesson_07.txt */; };
		850EC626156A6698003DEB32 /* Lesson_08.txt in Resources */ = {isa = PBXBuildFile; fileRef = 850EC61D156A6698003DEB32 /* Lesson_08.txt */; };
		850EC627156A6698003DEB32 /* Lesson_09.txt in Resources */ = {isa = PBXBuildFile; fileRef = 850EC61E156A6698003DEB32 /* Lesson_09.txt */; };
		854B65C61568E4F20012E905 /* UIKit.framework in Frameworks */ = {isa = PBXBuildFile; fileRef = 854B65C51568E4F20012E905 /* UIKit.framework */; };
		854B65C81568E4F20012E905 /* Foundation.framework in Frameworks */ = {isa = PBXBuildFile; fileRef = 854B65C71568E4F20012E905 /* Foundation.framework */; };
		854B65CA1568E4F20012E905 /* CoreGraphics.framework in Frameworks */ = {isa = PBXBuildFile; fileRef = 854B65C91568E4F20012E905 /* CoreGraphics.framework */; };
		854B65D01568E4F20012E905 /* InfoPlist.strings in Resources */ = {isa = PBXBuildFile; fileRef = 854B65CE1568E4F20012E905 /* InfoPlist.strings */; };
		854B65D21568E4F20012E905 /* main.m in Sources */ = {isa = PBXBuildFile; fileRef = 854B65D11568E4F20012E905 /* main.m */; };
		854B65D61568E4F20012E905 /* GRAppDelegate.m in Sources */ = {isa = PBXBuildFile; fileRef = 854B65D51568E4F20012E905 /* GRAppDelegate.m */; };
		854B65D91568E4F20012E905 /* MainStoryboard.storyboard in Resources */ = {isa = PBXBuildFile; fileRef = 854B65D71568E4F20012E905 /* MainStoryboard.storyboard */; };
		854B65DC1568E4F20012E905 /* GRMasterViewController.m in Sources */ = {isa = PBXBuildFile; fileRef = 854B65DB1568E4F20012E905 /* GRMasterViewController.m */; };
		854B65DF1568E4F20012E905 /* GRDetailViewController.m in Sources */ = {isa = PBXBuildFile; fileRef = 854B65DE1568E4F20012E905 /* GRDetailViewController.m */; };
		854B65EC15693E5A0012E905 /* nce4_lessons.txt in Resources */ = {isa = PBXBuildFile; fileRef = 854B65EB15693E5A0012E905 /* nce4_lessons.txt */; };
		854B65EE156943650012E905 /* nce4_words.txt in Resources */ = {isa = PBXBuildFile; fileRef = 854B65ED156943650012E905 /* nce4_words.txt */; };
/* End PBXBuildFile section */

/* Begin PBXFileReference section */
		850EC54A156A544B003DEB32 /* Lesson_10.txt */ = {isa = PBXFileReference; fileEncoding = 4; lastKnownFileType = text; path = Lesson_10.txt; sourceTree = "<group>"; };
		850EC54B156A544B003DEB32 /* Lesson_11.txt */ = {isa = PBXFileReference; fileEncoding = 4; lastKnownFileType = text; path = Lesson_11.txt; sourceTree = "<group>"; };
		850EC54C156A544B003DEB32 /* Lesson_12.txt */ = {isa = PBXFileReference; fileEncoding = 4; lastKnownFileType = text; path = Lesson_12.txt; sourceTree = "<group>"; };
		850EC54D156A544B003DEB32 /* Lesson_13.txt */ = {isa = PBXFileReference; fileEncoding = 4; lastKnownFileType = text; path = Lesson_13.txt; sourceTree = "<group>"; };
		850EC54E156A544B003DEB32 /* Lesson_14.txt */ = {isa = PBXFileReference; fileEncoding = 4; lastKnownFileType = text; path = Lesson_14.txt; sourceTree = "<group>"; };
		850EC54F156A544B003DEB32 /* Lesson_15.txt */ = {isa = PBXFileReference; fileEncoding = 4; lastKnownFileType = text; path = Lesson_15.txt; sourceTree = "<group>"; };
		850EC550156A544B003DEB32 /* Lesson_16.txt */ = {isa = PBXFileReference; fileEncoding = 4; lastKnownFileType = text; path = Lesson_16.txt; sourceTree = "<group>"; };
		850EC551156A544B003DEB32 /* Lesson_17.txt */ = {isa = PBXFileReference; fileEncoding = 4; lastKnownFileType = text; path = Lesson_17.txt; sourceTree = "<group>"; };
		850EC552156A544B003DEB32 /* Lesson_18.txt */ = {isa = PBXFileReference; fileEncoding = 4; lastKnownFileType = text; path = Lesson_18.txt; sourceTree = "<group>"; };
		850EC553156A544B003DEB32 /* Lesson_19.txt */ = {isa = PBXFileReference; fileEncoding = 4; lastKnownFileType = text; path = Lesson_19.txt; sourceTree = "<group>"; };
		850EC554156A544B003DEB32 /* Lesson_20.txt */ = {isa = PBXFileReference; fileEncoding = 4; lastKnownFileType = text; path = Lesson_20.txt; sourceTree = "<group>"; };
		850EC555156A544B003DEB32 /* Lesson_21.txt */ = {isa = PBXFileReference; fileEncoding = 4; lastKnownFileType = text; path = Lesson_21.txt; sourceTree = "<group>"; };
		850EC556156A544B003DEB32 /* Lesson_22.txt */ = {isa = PBXFileReference; fileEncoding = 4; lastKnownFileType = text; path = Lesson_22.txt; sourceTree = "<group>"; };
		850EC557156A544B003DEB32 /* Lesson_23.txt */ = {isa = PBXFileReference; fileEncoding = 4; lastKnownFileType = text; path = Lesson_23.txt; sourceTree = "<group>"; };
		850EC558156A544B003DEB32 /* Lesson_24.txt */ = {isa = PBXFileReference; fileEncoding = 4; lastKnownFileType = text; path = Lesson_24.txt; sourceTree = "<group>"; };
		850EC559156A544B003DEB32 /* Lesson_25.txt */ = {isa = PBXFileReference; fileEncoding = 4; lastKnownFileType = text; path = Lesson_25.txt; sourceTree = "<group>"; };
		850EC55A156A544B003DEB32 /* Lesson_26.txt */ = {isa = PBXFileReference; fileEncoding = 4; lastKnownFileType = text; path = Lesson_26.txt; sourceTree = "<group>"; };
		850EC55B156A544B003DEB32 /* Lesson_27.txt */ = {isa = PBXFileReference; fileEncoding = 4; lastKnownFileType = text; path = Lesson_27.txt; sourceTree = "<group>"; };
		850EC55C156A544B003DEB32 /* Lesson_28.txt */ = {isa = PBXFileReference; fileEncoding = 4; lastKnownFileType = text; path = Lesson_28.txt; sourceTree = "<group>"; };
		850EC55D156A544B003DEB32 /* Lesson_29.txt */ = {isa = PBXFileReference; fileEncoding = 4; lastKnownFileType = text; path = Lesson_29.txt; sourceTree = "<group>"; };
		850EC55E156A544B003DEB32 /* Lesson_30.txt */ = {isa = PBXFileReference; fileEncoding = 4; lastKnownFileType = text; path = Lesson_30.txt; sourceTree = "<group>"; };
		850EC55F156A544B003DEB32 /* Lesson_31.txt */ = {isa = PBXFileReference; fileEncoding = 4; lastKnownFileType = text; path = Lesson_31.txt; sourceTree = "<group>"; };
		850EC560156A544B003DEB32 /* Lesson_32.txt */ = {isa = PBXFileReference; fileEncoding = 4; lastKnownFileType = text; path = Lesson_32.txt; sourceTree = "<group>"; };
		850EC561156A544B003DEB32 /* Lesson_33.txt */ = {isa = PBXFileReference; fileEncoding = 4; lastKnownFileType = text; path = Lesson_33.txt; sourceTree = "<group>"; };
		850EC562156A544B003DEB32 /* Lesson_34.txt */ = {isa = PBXFileReference; fileEncoding = 4; lastKnownFileType = text; path = Lesson_34.txt; sourceTree = "<group>"; };
		850EC563156A544B003DEB32 /* Lesson_35.txt */ = {isa = PBXFileReference; fileEncoding = 4; lastKnownFileType = text; path = Lesson_35.txt; sourceTree = "<group>"; };
		850EC564156A544B003DEB32 /* Lesson_36.txt */ = {isa = PBXFileReference; fileEncoding = 4; lastKnownFileType = text; path = Lesson_36.txt; sourceTree = "<group>"; };
		850EC565156A544B003DEB32 /* Lesson_37.txt */ = {isa = PBXFileReference; fileEncoding = 4; lastKnownFileType = text; path = Lesson_37.txt; sourceTree = "<group>"; };
		850EC566156A544B003DEB32 /* Lesson_38.txt */ = {isa = PBXFileReference; fileEncoding = 4; lastKnownFileType = text; path = Lesson_38.txt; sourceTree = "<group>"; };
		850EC567156A544B003DEB32 /* Lesson_39.txt */ = {isa = PBXFileReference; fileEncoding = 4; lastKnownFileType = text; path = Lesson_39.txt; sourceTree = "<group>"; };
		850EC568156A544B003DEB32 /* Lesson_41.txt */ = {isa = PBXFileReference; fileEncoding = 4; lastKnownFileType = text; path = Lesson_41.txt; sourceTree = "<group>"; };
		850EC569156A544B003DEB32 /* Lesson_42.txt */ = {isa = PBXFileReference; fileEncoding = 4; lastKnownFileType = text; path = Lesson_42.txt; sourceTree = "<group>"; };
		850EC56A156A544B003DEB32 /* Lesson_43.txt */ = {isa = PBXFileReference; fileEncoding = 4; lastKnownFileType = text; path = Lesson_43.txt; sourceTree = "<group>"; };
		850EC56B156A544B003DEB32 /* Lesson_44.txt */ = {isa = PBXFileReference; fileEncoding = 4; lastKnownFileType = text; path = Lesson_44.txt; sourceTree = "<group>"; };
		850EC56C156A544B003DEB32 /* Lesson_45.txt */ = {isa = PBXFileReference; fileEncoding = 4; lastKnownFileType = text; path = Lesson_45.txt; sourceTree = "<group>"; };
		850EC56D156A544B003DEB32 /* Lesson_46.txt */ = {isa = PBXFileReference; fileEncoding = 4; lastKnownFileType = text; path = Lesson_46.txt; sourceTree = "<group>"; };
		850EC56E156A544B003DEB32 /* Lesson_47.txt */ = {isa = PBXFileReference; fileEncoding = 4; lastKnownFileType = text; path = Lesson_47.txt; sourceTree = "<group>"; };
		850EC56F156A544B003DEB32 /* Lesson_48.txt */ = {isa = PBXFileReference; fileEncoding = 4; lastKnownFileType = text; path = Lesson_48.txt; sourceTree = "<group>"; };
		850EC616156A6698003DEB32 /* Lesson_01.txt */ = {isa = PBXFileReference; fileEncoding = 4; lastKnownFileType = text; path = Lesson_01.txt; sourceTree = "<group>"; };
		850EC617156A6698003DEB32 /* Lesson_02.txt */ = {isa = PBXFileReference; fileEncoding = 4; lastKnownFileType = text; path = Lesson_02.txt; sourceTree = "<group>"; };
		850EC618156A6698003DEB32 /* Lesson_03.txt */ = {isa = PBXFileReference; fileEncoding = 4; lastKnownFileType = text; path = Lesson_03.txt; sourceTree = "<group>"; };
		850EC619156A6698003DEB32 /* Lesson_04.txt */ = {isa = PBXFileReference; fileEncoding = 4; lastKnownFileType = text; path = Lesson_04.txt; sourceTree = "<group>"; };
		850EC61A156A6698003DEB32 /* Lesson_05.txt */ = {isa = PBXFileReference; fileEncoding = 4; lastKnownFileType = text; path = Lesson_05.txt; sourceTree = "<group>"; };
		850EC61B156A6698003DEB32 /* Lesson_06.txt */ = {isa = PBXFileReference; fileEncoding = 4; lastKnownFileType = text; path = Lesson_06.txt; sourceTree = "<group>"; };
		850EC61C156A6698003DEB32 /* Lesson_07.txt */ = {isa = PBXFileReference; fileEncoding = 4; lastKnownFileType = text; path = Lesson_07.txt; sourceTree = "<group>"; };
		850EC61D156A6698003DEB32 /* Lesson_08.txt */ = {isa = PBXFileReference; fileEncoding = 4; lastKnownFileType = text; path = Lesson_08.txt; sourceTree = "<group>"; };
		850EC61E156A6698003DEB32 /* Lesson_09.txt */ = {isa = PBXFileReference; fileEncoding = 4; lastKnownFileType = text; path = Lesson_09.txt; sourceTree = "<group>"; };
		854B65C11568E4F20012E905 /* GradedReading.app */ = {isa = PBXFileReference; explicitFileType = wrapper.application; includeInIndex = 0; path = GradedReading.app; sourceTree = BUILT_PRODUCTS_DIR; };
		854B65C51568E4F20012E905 /* UIKit.framework */ = {isa = PBXFileReference; lastKnownFileType = wrapper.framework; name = UIKit.framework; path = System/Library/Frameworks/UIKit.framework; sourceTree = SDKROOT; };
		854B65C71568E4F20012E905 /* Foundation.framework */ = {isa = PBXFileReference; lastKnownFileType = wrapper.framework; name = Foundation.framework; path = System/Library/Frameworks/Foundation.framework; sourceTree = SDKROOT; };
		854B65C91568E4F20012E905 /* CoreGraphics.framework */ = {isa = PBXFileReference; lastKnownFileType = wrapper.framework; name = CoreGraphics.framework; path = System/Library/Frameworks/CoreGraphics.framework; sourceTree = SDKROOT; };
		854B65CD1568E4F20012E905 /* GradedReading-Info.plist */ = {isa = PBXFileReference; lastKnownFileType = text.plist.xml; path = "GradedReading-Info.plist"; sourceTree = "<group>"; };
		854B65CF1568E4F20012E905 /* en */ = {isa = PBXFileReference; lastKnownFileType = text.plist.strings; name = en; path = en.lproj/InfoPlist.strings; sourceTree = "<group>"; };
		854B65D11568E4F20012E905 /* main.m */ = {isa = PBXFileReference; lastKnownFileType = sourcecode.c.objc; path = main.m; sourceTree = "<group>"; };
		854B65D31568E4F20012E905 /* GradedReading-Prefix.pch */ = {isa = PBXFileReference; lastKnownFileType = sourcecode.c.h; path = "GradedReading-Prefix.pch"; sourceTree = "<group>"; };
		854B65D41568E4F20012E905 /* GRAppDelegate.h */ = {isa = PBXFileReference; lastKnownFileType = sourcecode.c.h; path = GRAppDelegate.h; sourceTree = "<group>"; };
		854B65D51568E4F20012E905 /* GRAppDelegate.m */ = {isa = PBXFileReference; lastKnownFileType = sourcecode.c.objc; path = GRAppDelegate.m; sourceTree = "<group>"; };
		854B65D81568E4F20012E905 /* en */ = {isa = PBXFileReference; lastKnownFileType = file.storyboard; name = en; path = en.lproj/MainStoryboard.storyboard; sourceTree = "<group>"; };
		854B65DA1568E4F20012E905 /* GRMasterViewController.h */ = {isa = PBXFileReference; lastKnownFileType = sourcecode.c.h; path = GRMasterViewController.h; sourceTree = "<group>"; };
		854B65DB1568E4F20012E905 /* GRMasterViewController.m */ = {isa = PBXFileReference; lastKnownFileType = sourcecode.c.objc; path = GRMasterViewController.m; sourceTree = "<group>"; };
		854B65DD1568E4F20012E905 /* GRDetailViewController.h */ = {isa = PBXFileReference; lastKnownFileType = sourcecode.c.h; path = GRDetailViewController.h; sourceTree = "<group>"; };
		854B65DE1568E4F20012E905 /* GRDetailViewController.m */ = {isa = PBXFileReference; lastKnownFileType = sourcecode.c.objc; path = GRDetailViewController.m; sourceTree = "<group>"; };
		854B65E5156939510012E905 /* GradedReading.entitlements */ = {isa = PBXFileReference; lastKnownFileType = text.xml; path = GradedReading.entitlements; sourceTree = "<group>"; };
		854B65EB15693E5A0012E905 /* nce4_lessons.txt */ = {isa = PBXFileReference; fileEncoding = 4; lastKnownFileType = text; name = nce4_lessons.txt; path = GradedReading/nce4_lessons.txt; sourceTree = "<group>"; };
		854B65ED156943650012E905 /* nce4_words.txt */ = {isa = PBXFileReference; fileEncoding = 4; lastKnownFileType = text; name = nce4_words.txt; path = GradedReading/nce4_words.txt; sourceTree = "<group>"; };
/* End PBXFileReference section */

/* Begin PBXFrameworksBuildPhase section */
		854B65BE1568E4F20012E905 /* Frameworks */ = {
			isa = PBXFrameworksBuildPhase;
			buildActionMask = 2147483647;
			files = (
				854B65C61568E4F20012E905 /* UIKit.framework in Frameworks */,
				854B65C81568E4F20012E905 /* Foundation.framework in Frameworks */,
				854B65CA1568E4F20012E905 /* CoreGraphics.framework in Frameworks */,
			);
			runOnlyForDeploymentPostprocessing = 0;
		};
/* End PBXFrameworksBuildPhase section */

/* Begin PBXGroup section */
		850EC53B156A544B003DEB32 /* resources */ = {
			isa = PBXGroup;
			children = (
				850EC53F156A544B003DEB32 /* Unit_1 */,
				850EC549156A544B003DEB32 /* Unit_2 */,
			);
			path = resources;
			sourceTree = "<group>";
		};
		850EC53F156A544B003DEB32 /* Unit_1 */ = {
			isa = PBXGroup;
			children = (
				850EC616156A6698003DEB32 /* Lesson_01.txt */,
				850EC617156A6698003DEB32 /* Lesson_02.txt */,
				850EC618156A6698003DEB32 /* Lesson_03.txt */,
				850EC619156A6698003DEB32 /* Lesson_04.txt */,
				850EC61A156A6698003DEB32 /* Lesson_05.txt */,
				850EC61B156A6698003DEB32 /* Lesson_06.txt */,
				850EC61C156A6698003DEB32 /* Lesson_07.txt */,
				850EC61D156A6698003DEB32 /* Lesson_08.txt */,
				850EC61E156A6698003DEB32 /* Lesson_09.txt */,
			);
			path = Unit_1;
			sourceTree = "<group>";
		};
		850EC549156A544B003DEB32 /* Unit_2 */ = {
			isa = PBXGroup;
			children = (
				850EC54A156A544B003DEB32 /* Lesson_10.txt */,
				850EC54B156A544B003DEB32 /* Lesson_11.txt */,
				850EC54C156A544B003DEB32 /* Lesson_12.txt */,
				850EC54D156A544B003DEB32 /* Lesson_13.txt */,
				850EC54E156A544B003DEB32 /* Lesson_14.txt */,
				850EC54F156A544B003DEB32 /* Lesson_15.txt */,
				850EC550156A544B003DEB32 /* Lesson_16.txt */,
				850EC551156A544B003DEB32 /* Lesson_17.txt */,
				850EC552156A544B003DEB32 /* Lesson_18.txt */,
				850EC553156A544B003DEB32 /* Lesson_19.txt */,
				850EC554156A544B003DEB32 /* Lesson_20.txt */,
				850EC555156A544B003DEB32 /* Lesson_21.txt */,
				850EC556156A544B003DEB32 /* Lesson_22.txt */,
				850EC557156A544B003DEB32 /* Lesson_23.txt */,
				850EC558156A544B003DEB32 /* Lesson_24.txt */,
				850EC559156A544B003DEB32 /* Lesson_25.txt */,
				850EC55A156A544B003DEB32 /* Lesson_26.txt */,
				850EC55B156A544B003DEB32 /* Lesson_27.txt */,
				850EC55C156A544B003DEB32 /* Lesson_28.txt */,
				850EC55D156A544B003DEB32 /* Lesson_29.txt */,
				850EC55E156A544B003DEB32 /* Lesson_30.txt */,
				850EC55F156A544B003DEB32 /* Lesson_31.txt */,
				850EC560156A544B003DEB32 /* Lesson_32.txt */,
				850EC561156A544B003DEB32 /* Lesson_33.txt */,
				850EC562156A544B003DEB32 /* Lesson_34.txt */,
				850EC563156A544B003DEB32 /* Lesson_35.txt */,
				850EC564156A544B003DEB32 /* Lesson_36.txt */,
				850EC565156A544B003DEB32 /* Lesson_37.txt */,
				850EC566156A544B003DEB32 /* Lesson_38.txt */,
				850EC567156A544B003DEB32 /* Lesson_39.txt */,
				850EC568156A544B003DEB32 /* Lesson_41.txt */,
				850EC569156A544B003DEB32 /* Lesson_42.txt */,
				850EC56A156A544B003DEB32 /* Lesson_43.txt */,
				850EC56B156A544B003DEB32 /* Lesson_44.txt */,
				850EC56C156A544B003DEB32 /* Lesson_45.txt */,
				850EC56D156A544B003DEB32 /* Lesson_46.txt */,
				850EC56E156A544B003DEB32 /* Lesson_47.txt */,
				850EC56F156A544B003DEB32 /* Lesson_48.txt */,
			);
			path = Unit_2;
			sourceTree = "<group>";
		};
		854B65B61568E4F20012E905 = {
			isa = PBXGroup;
			children = (
				854B65ED156943650012E905 /* nce4_words.txt */,
				854B65EB15693E5A0012E905 /* nce4_lessons.txt */,
				854B65CB1568E4F20012E905 /* GradedReading */,
				854B65C41568E4F20012E905 /* Frameworks */,
				854B65C21568E4F20012E905 /* Products */,
			);
			sourceTree = "<group>";
		};
		854B65C21568E4F20012E905 /* Products */ = {
			isa = PBXGroup;
			children = (
				854B65C11568E4F20012E905 /* GradedReading.app */,
			);
			name = Products;
			sourceTree = "<group>";
		};
		854B65C41568E4F20012E905 /* Frameworks */ = {
			isa = PBXGroup;
			children = (
				854B65C51568E4F20012E905 /* UIKit.framework */,
				854B65C71568E4F20012E905 /* Foundation.framework */,
				854B65C91568E4F20012E905 /* CoreGraphics.framework */,
			);
			name = Frameworks;
			sourceTree = "<group>";
		};
		854B65CB1568E4F20012E905 /* GradedReading */ = {
			isa = PBXGroup;
			children = (
				854B65E5156939510012E905 /* GradedReading.entitlements */,
				854B65D41568E4F20012E905 /* GRAppDelegate.h */,
				854B65D51568E4F20012E905 /* GRAppDelegate.m */,
				854B65D71568E4F20012E905 /* MainStoryboard.storyboard */,
				854B65DA1568E4F20012E905 /* GRMasterViewController.h */,
				854B65DB1568E4F20012E905 /* GRMasterViewController.m */,
				854B65DD1568E4F20012E905 /* GRDetailViewController.h */,
				854B65DE1568E4F20012E905 /* GRDetailViewController.m */,
				854B65CC1568E4F20012E905 /* Supporting Files */,
			);
			path = GradedReading;
			sourceTree = "<group>";
		};
		854B65CC1568E4F20012E905 /* Supporting Files */ = {
			isa = PBXGroup;
			children = (
				850EC53B156A544B003DEB32 /* resources */,
				854B65CD1568E4F20012E905 /* GradedReading-Info.plist */,
				854B65CE1568E4F20012E905 /* InfoPlist.strings */,
				854B65D11568E4F20012E905 /* main.m */,
				854B65D31568E4F20012E905 /* GradedReading-Prefix.pch */,
			);
			name = "Supporting Files";
			sourceTree = "<group>";
		};
/* End PBXGroup section */

/* Begin PBXNativeTarget section */
		854B65C01568E4F20012E905 /* GradedReading */ = {
			isa = PBXNativeTarget;
			buildConfigurationList = 854B65E21568E4F20012E905 /* Build configuration list for PBXNativeTarget "GradedReading" */;
			buildPhases = (
				854B65BD1568E4F20012E905 /* Sources */,
				854B65BE1568E4F20012E905 /* Frameworks */,
				854B65BF1568E4F20012E905 /* Resources */,
			);
			buildRules = (
			);
			dependencies = (
			);
			name = GradedReading;
			productName = GradedReading;
			productReference = 854B65C11568E4F20012E905 /* GradedReading.app */;
			productType = "com.apple.product-type.application";
		};
/* End PBXNativeTarget section */

/* Begin PBXProject section */
		854B65B81568E4F20012E905 /* Project object */ = {
			isa = PBXProject;
			attributes = {
				CLASSPREFIX = GR;
				LastUpgradeCheck = 0430;
				ORGANIZATIONNAME = HackFisher;
			};
			buildConfigurationList = 854B65BB1568E4F20012E905 /* Build configuration list for PBXProject "GradedReading" */;
			compatibilityVersion = "Xcode 3.2";
			developmentRegion = English;
			hasScannedForEncodings = 0;
			knownRegions = (
				en,
			);
			mainGroup = 854B65B61568E4F20012E905;
			productRefGroup = 854B65C21568E4F20012E905 /* Products */;
			projectDirPath = "";
			projectRoot = "";
			targets = (
				854B65C01568E4F20012E905 /* GradedReading */,
			);
		};
/* End PBXProject section */

/* Begin PBXResourcesBuildPhase section */
		854B65BF1568E4F20012E905 /* Resources */ = {
			isa = PBXResourcesBuildPhase;
			buildActionMask = 2147483647;
			files = (
				854B65D01568E4F20012E905 /* InfoPlist.strings in Resources */,
				854B65D91568E4F20012E905 /* MainStoryboard.storyboard in Resources */,
				854B65EC15693E5A0012E905 /* nce4_lessons.txt in Resources */,
				854B65EE156943650012E905 /* nce4_words.txt in Resources */,
				850EC61F156A6698003DEB32 /* Lesson_01.txt in Resources */,
				850EC620156A6698003DEB32 /* Lesson_02.txt in Resources */,
				850EC621156A6698003DEB32 /* Lesson_03.txt in Resources */,
				850EC622156A6698003DEB32 /* Lesson_04.txt in Resources */,
				850EC623156A6698003DEB32 /* Lesson_05.txt in Resources */,
				850EC624156A6698003DEB32 /* Lesson_06.txt in Resources */,
				850EC625156A6698003DEB32 /* Lesson_07.txt in Resources */,
				850EC626156A6698003DEB32 /* Lesson_08.txt in Resources */,
				850EC627156A6698003DEB32 /* Lesson_09.txt in Resources */,
				850EC57A156A544B003DEB32 /* Lesson_10.txt in Resources */,
				850EC57B156A544B003DEB32 /* Lesson_11.txt in Resources */,
				850EC57C156A544B003DEB32 /* Lesson_12.txt in Resources */,
				850EC57D156A544B003DEB32 /* Lesson_13.txt in Resources */,
				850EC57E156A544B003DEB32 /* Lesson_14.txt in Resources */,
				850EC57F156A544B003DEB32 /* Lesson_15.txt in Resources */,
				850EC580156A544B003DEB32 /* Lesson_16.txt in Resources */,
				850EC581156A544B003DEB32 /* Lesson_17.txt in Resources */,
				850EC582156A544B003DEB32 /* Lesson_18.txt in Resources */,
				850EC583156A544B003DEB32 /* Lesson_19.txt in Resources */,
				850EC584156A544B003DEB32 /* Lesson_20.txt in Resources */,
				850EC585156A544B003DEB32 /* Lesson_21.txt in Resources */,
				850EC586156A544B003DEB32 /* Lesson_22.txt in Resources */,
				850EC587156A544B003DEB32 /* Lesson_23.txt in Resources */,
				850EC588156A544B003DEB32 /* Lesson_24.txt in Resources */,
				850EC589156A544B003DEB32 /* Lesson_25.txt in Resources */,
				850EC58A156A544B003DEB32 /* Lesson_26.txt in Resources */,
				850EC58B156A544B003DEB32 /* Lesson_27.txt in Resources */,
				850EC58C156A544B003DEB32 /* Lesson_28.txt in Resources */,
				850EC58D156A544B003DEB32 /* Lesson_29.txt in Resources */,
				850EC58E156A544B003DEB32 /* Lesson_30.txt in Resources */,
				850EC58F156A544B003DEB32 /* Lesson_31.txt in Resources */,
				850EC590156A544B003DEB32 /* Lesson_32.txt in Resources */,
				850EC591156A544B003DEB32 /* Lesson_33.txt in Resources */,
				850EC592156A544B003DEB32 /* Lesson_34.txt in Resources */,
				850EC593156A544B003DEB32 /* Lesson_35.txt in Resources */,
				850EC594156A544B003DEB32 /* Lesson_36.txt in Resources */,
				850EC595156A544B003DEB32 /* Lesson_37.txt in Resources */,
				850EC596156A544B003DEB32 /* Lesson_38.txt in Resources */,
				850EC597156A544B003DEB32 /* Lesson_39.txt in Resources */,
				850EC598156A544B003DEB32 /* Lesson_41.txt in Resources */,
				850EC599156A544B003DEB32 /* Lesson_42.txt in Resources */,
				850EC59A156A544B003DEB32 /* Lesson_43.txt in Resources */,
				850EC59B156A544B003DEB32 /* Lesson_44.txt in Resources */,
				850EC59C156A544B003DEB32 /* Lesson_45.txt in Resources */,
				850EC59D156A544B003DEB32 /* Lesson_46.txt in Resources */,
				850EC59E156A544B003DEB32 /* Lesson_47.txt in Resources */,
				850EC59F156A544B003DEB32 /* Lesson_48.txt in Resources */,
			);
			runOnlyForDeploymentPostprocessing = 0;
		};
/* End PBXResourcesBuildPhase section */

/* Begin PBXSourcesBuildPhase section */
		854B65BD1568E4F20012E905 /* Sources */ = {
			isa = PBXSourcesBuildPhase;
			buildActionMask = 2147483647;
			files = (
				854B65D21568E4F20012E905 /* main.m in Sources */,
				854B65D61568E4F20012E905 /* GRAppDelegate.m in Sources */,
				854B65DC1568E4F20012E905 /* GRMasterViewController.m in Sources */,
				854B65DF1568E4F20012E905 /* GRDetailViewController.m in Sources */,
			);
			runOnlyForDeploymentPostprocessing = 0;
		};
/* End PBXSourcesBuildPhase section */

/* Begin PBXVariantGroup section */
		854B65CE1568E4F20012E905 /* InfoPlist.strings */ = {
			isa = PBXVariantGroup;
			children = (
				854B65CF1568E4F20012E905 /* en */,
			);
			name = InfoPlist.strings;
			sourceTree = "<group>";
		};
		854B65D71568E4F20012E905 /* MainStoryboard.storyboard */ = {
			isa = PBXVariantGroup;
			children = (
				854B65D81568E4F20012E905 /* en */,
			);
			name = MainStoryboard.storyboard;
			sourceTree = "<group>";
		};
/* End PBXVariantGroup section */

/* Begin XCBuildConfiguration section */
		854B65E01568E4F20012E905 /* Debug */ = {
			isa = XCBuildConfiguration;
			buildSettings = {
				ALWAYS_SEARCH_USER_PATHS = NO;
				ARCHS = "$(ARCHS_STANDARD_32_BIT)";
				CLANG_ENABLE_OBJC_ARC = YES;
				"CODE_SIGN_IDENTITY[sdk=iphoneos*]" = "iPhone Developer";
				COPY_PHASE_STRIP = NO;
				GCC_C_LANGUAGE_STANDARD = gnu99;
				GCC_DYNAMIC_NO_PIC = NO;
				GCC_OPTIMIZATION_LEVEL = 0;
				GCC_PREPROCESSOR_DEFINITIONS = (
					"DEBUG=1",
					"$(inherited)",
				);
				GCC_SYMBOLS_PRIVATE_EXTERN = NO;
				GCC_VERSION = com.apple.compilers.llvm.clang.1_0;
				GCC_WARN_ABOUT_RETURN_TYPE = YES;
				GCC_WARN_UNINITIALIZED_AUTOS = YES;
				GCC_WARN_UNUSED_VARIABLE = YES;
				IPHONEOS_DEPLOYMENT_TARGET = 5.1;
				SDKROOT = iphoneos;
			};
			name = Debug;
		};
		854B65E11568E4F20012E905 /* Release */ = {
			isa = XCBuildConfiguration;
			buildSettings = {
				ALWAYS_SEARCH_USER_PATHS = NO;
				ARCHS = "$(ARCHS_STANDARD_32_BIT)";
				CLANG_ENABLE_OBJC_ARC = YES;
				"CODE_SIGN_IDENTITY[sdk=iphoneos*]" = "iPhone Developer";
				COPY_PHASE_STRIP = YES;
				GCC_C_LANGUAGE_STANDARD = gnu99;
				GCC_VERSION = com.apple.compilers.llvm.clang.1_0;
				GCC_WARN_ABOUT_RETURN_TYPE = YES;
				GCC_WARN_UNINITIALIZED_AUTOS = YES;
				GCC_WARN_UNUSED_VARIABLE = YES;
				IPHONEOS_DEPLOYMENT_TARGET = 5.1;
				OTHER_CFLAGS = "-DNS_BLOCK_ASSERTIONS=1";
				SDKROOT = iphoneos;
				VALIDATE_PRODUCT = YES;
			};
			name = Release;
		};
		854B65E31568E4F20012E905 /* Debug */ = {
			isa = XCBuildConfiguration;
			buildSettings = {
				GCC_PRECOMPILE_PREFIX_HEADER = YES;
				GCC_PREFIX_HEADER = "GradedReading/GradedReading-Prefix.pch";
				INFOPLIST_FILE = "GradedReading/GradedReading-Info.plist";
				PRODUCT_NAME = "$(TARGET_NAME)";
				WRAPPER_EXTENSION = app;
			};
			name = Debug;
		};
		854B65E41568E4F20012E905 /* Release */ = {
			isa = XCBuildConfiguration;
			buildSettings = {
				GCC_PRECOMPILE_PREFIX_HEADER = YES;
				GCC_PREFIX_HEADER = "GradedReading/GradedReading-Prefix.pch";
				INFOPLIST_FILE = "GradedReading/GradedReading-Info.plist";
				PRODUCT_NAME = "$(TARGET_NAME)";
				WRAPPER_EXTENSION = app;
			};
			name = Release;
		};
/* End XCBuildConfiguration section */

/* Begin XCConfigurationList section */
		854B65BB1568E4F20012E905 /* Build configuration list for PBXProject "GradedReading" */ = {
			isa = XCConfigurationList;
			buildConfigurations = (
				854B65E01568E4F20012E905 /* Debug */,
				854B65E11568E4F20012E905 /* Release */,
			);
			defaultConfigurationIsVisible = 0;
			defaultConfigurationName = Release;
		};
		854B65E21568E4F20012E905 /* Build configuration list for PBXNativeTarget "GradedReading" */ = {
			isa = XCConfigurationList;
			buildConfigurations = (
				854B65E31568E4F20012E905 /* Debug */,
				854B65E41568E4F20012E905 /* Release */,
			);
			defaultConfigurationIsVisible = 0;
			defaultConfigurationName = Release;
		};
/* End XCConfigurationList section */
	};
	rootObject = 854B65B81568E4F20012E905 /* Project object */;
}
